
Microsoft Visual Studio Solution File, Format Version 12.00
Project("{FAE04EC0-301F-11D3-BF4B-00C04F79EFBC}") = "LanguageModel", "LanguageModel\LanguageModel.csproj", "{9BA2D866-7933-4400-8707-2B3F6EE2F937}"
EndProject
Project("{FAE04EC0-301F-11D3-BF4B-00C04F79EFBC}") = "Analysis", "Analysis\Analysis.csproj", "{B1F6DFE1-BDB7-4310-9870-46705332EBC5}"
EndProject
Project("{FAE04EC0-301F-11D3-BF4B-00C04F79EFBC}") = "Analysis.Tests", "Analysis.Tests\Analysis.Tests.csproj", "{BA5F1DBF-F37D-4D01-97E1-72A5579A3498}"
EndProject
Global
	GlobalSection(SolutionConfigurationPlatforms) = preSolution
		Debug|Any CPU = Debug|Any CPU
		Release|Any CPU = Release|Any CPU
	EndGlobalSection
	GlobalSection(ProjectConfigurationPlatforms) = postSolution
		{9BA2D866-7933-4400-8707-2B3F6EE2F937}.Debug|Any CPU.ActiveCfg = Debug|Any CPU
		{9BA2D866-7933-4400-8707-2B3F6EE2F937}.Debug|Any CPU.Build.0 = Debug|Any CPU
		{9BA2D866-7933-4400-8707-2B3F6EE2F937}.Release|Any CPU.ActiveCfg = Release|Any CPU
		{9BA2D866-7933-4400-8707-2B3F6EE2F937}.Release|Any CPU.Build.0 = Release|Any CPU
		{B1F6DFE1-BDB7-4310-9870-46705332EBC5}.Debug|Any CPU.ActiveCfg = Debug|Any CPU
		{B1F6DFE1-BDB7-4310-9870-46705332EBC5}.Debug|Any CPU.Build.0 = Debug|Any CPU
		{B1F6DFE1-BDB7-4310-9870-46705332EBC5}.Release|Any CPU.ActiveCfg = Release|Any CPU
		{B1F6DFE1-BDB7-4310-9870-46705332EBC5}.Release|Any CPU.Build.0 = Release|Any CPU
		{BA5F1DBF-F37D-4D01-97E1-72A5579A3498}.Debug|Any CPU.ActiveCfg = Debug|Any CPU
		{BA5F1DBF-F37D-4D01-97E1-72A5579A3498}.Debug|Any CPU.Build.0 = Debug|Any CPU
		{BA5F1DBF-F37D-4D01-97E1-72A5579A3498}.Release|Any CPU.ActiveCfg = Release|Any CPU
		{BA5F1DBF-F37D-4D01-97E1-72A5579A3498}.Release|Any CPU.Build.0 = Release|Any CPU
	EndGlobalSection
EndGlobal
